// !$*UTF8*$!
{
	archiveVersion = 1;
	classes = {
	};
	objectVersion = 55;
	objects = {

/* Begin PBXBuildFile section */
		B501CAFC28ABDA7F0057DA09 /* TrackCaloriesApp.swift in Sources */ = {isa = PBXBuildFile; fileRef = B501CAFB28ABDA7F0057DA09 /* TrackCaloriesApp.swift */; };
		B501CAFE28ABDA7F0057DA09 /* ContentView.swift in Sources */ = {isa = PBXBuildFile; fileRef = B501CAFD28ABDA7F0057DA09 /* ContentView.swift */; };
		B501CB0028ABDA7F0057DA09 /* Assets.xcassets in Resources */ = {isa = PBXBuildFile; fileRef = B501CAFF28ABDA7F0057DA09 /* Assets.xcassets */; };
		B501CB0328ABDA7F0057DA09 /* Preview Assets.xcassets in Resources */ = {isa = PBXBuildFile; fileRef = B501CB0228ABDA7F0057DA09 /* Preview Assets.xcassets */; };
		B501CB0D28ABDA800057DA09 /* TrackCaloriesTests.swift in Sources */ = {isa = PBXBuildFile; fileRef = B501CB0C28ABDA800057DA09 /* TrackCaloriesTests.swift */; };
		B501CB1728ABDA800057DA09 /* TrackCaloriesUITests.swift in Sources */ = {isa = PBXBuildFile; fileRef = B501CB1628ABDA800057DA09 /* TrackCaloriesUITests.swift */; };
		B501CB1928ABDA800057DA09 /* TrackCaloriesUITestsLaunchTests.swift in Sources */ = {isa = PBXBuildFile; fileRef = B501CB1828ABDA800057DA09 /* TrackCaloriesUITestsLaunchTests.swift */; };
		B501CB2628ABDB480057DA09 /* AddFoodView.swift in Sources */ = {isa = PBXBuildFile; fileRef = B501CB2528ABDB480057DA09 /* AddFoodView.swift */; };
		B501CB2828ABDB7B0057DA09 /* EditFoodView.swift in Sources */ = {isa = PBXBuildFile; fileRef = B501CB2728ABDB7B0057DA09 /* EditFoodView.swift */; };
		B501CB2A28ABDBB80057DA09 /* TimeFormatting.swift in Sources */ = {isa = PBXBuildFile; fileRef = B501CB2928ABDBB80057DA09 /* TimeFormatting.swift */; };
		B501CB2C28ABDC040057DA09 /* DataController.swift in Sources */ = {isa = PBXBuildFile; fileRef = B501CB2B28ABDC040057DA09 /* DataController.swift */; };
		B501CB2F28ABDC660057DA09 /* FoodModel.xcdatamodeld in Sources */ = {isa = PBXBuildFile; fileRef = B501CB2D28ABDC660057DA09 /* FoodModel.xcdatamodeld */; };
		B57AE6792AA36BB900A78E6F /* CoreDataTests.swift in Sources */ = {isa = PBXBuildFile; fileRef = B57AE6782AA36BB900A78E6F /* CoreDataTests.swift */; };
		B5CB38C528AD5D9000E2BBDD /* MainView.swift in Sources */ = {isa = PBXBuildFile; fileRef = B5CB38C428AD5D9000E2BBDD /* MainView.swift */; };
		B5CB38C728AD64B800E2BBDD /* History.swift in Sources */ = {isa = PBXBuildFile; fileRef = B5CB38C628AD64B800E2BBDD /* History.swift */; };
/* End PBXBuildFile section */

/* Begin PBXContainerItemProxy section */
		B501CB0928ABDA800057DA09 /* PBXContainerItemProxy */ = {
			isa = PBXContainerItemProxy;
			containerPortal = B501CAF028ABDA7F0057DA09 /* Project object */;
			proxyType = 1;
			remoteGlobalIDString = B501CAF728ABDA7F0057DA09;
			remoteInfo = TrackCalories;
		};
		B501CB1328ABDA800057DA09 /* PBXContainerItemProxy */ = {
			isa = PBXContainerItemProxy;
			containerPortal = B501CAF028ABDA7F0057DA09 /* Project object */;
			proxyType = 1;
			remoteGlobalIDString = B501CAF728ABDA7F0057DA09;
			remoteInfo = TrackCalories;
		};
/* End PBXContainerItemProxy section */

/* Begin PBXFileReference section */
		B501CAF828ABDA7F0057DA09 /* TrackCalories.app */ = {isa = PBXFileReference; explicitFileType = wrapper.application; includeInIndex = 0; path = TrackCalories.app; sourceTree = BUILT_PRODUCTS_DIR; };
		B501CAFB28ABDA7F0057DA09 /* TrackCaloriesApp.swift */ = {isa = PBXFileReference; lastKnownFileType = sourcecode.swift; path = TrackCaloriesApp.swift; sourceTree = "<group>"; };
		B501CAFD28ABDA7F0057DA09 /* ContentView.swift */ = {isa = PBXFileReference; lastKnownFileType = sourcecode.swift; path = ContentView.swift; sourceTree = "<group>"; };
		B501CAFF28ABDA7F0057DA09 /* Assets.xcassets */ = {isa = PBXFileReference; lastKnownFileType = folder.assetcatalog; path = Assets.xcassets; sourceTree = "<group>"; };
		B501CB0228ABDA7F0057DA09 /* Preview Assets.xcassets */ = {isa = PBXFileReference; lastKnownFileType = folder.assetcatalog; path = "Preview Assets.xcassets"; sourceTree = "<group>"; };
		B501CB0828ABDA800057DA09 /* TrackCaloriesTests.xctest */ = {isa = PBXFileReference; explicitFileType = wrapper.cfbundle; includeInIndex = 0; path = TrackCaloriesTests.xctest; sourceTree = BUILT_PRODUCTS_DIR; };
		B501CB0C28ABDA800057DA09 /* TrackCaloriesTests.swift */ = {isa = PBXFileReference; lastKnownFileType = sourcecode.swift; path = TrackCaloriesTests.swift; sourceTree = "<group>"; };
		B501CB1228ABDA800057DA09 /* TrackCaloriesUITests.xctest */ = {isa = PBXFileReference; explicitFileType = wrapper.cfbundle; includeInIndex = 0; path = TrackCaloriesUITests.xctest; sourceTree = BUILT_PRODUCTS_DIR; };
		B501CB1628ABDA800057DA09 /* TrackCaloriesUITests.swift */ = {isa = PBXFileReference; lastKnownFileType = sourcecode.swift; path = TrackCaloriesUITests.swift; sourceTree = "<group>"; };
		B501CB1828ABDA800057DA09 /* TrackCaloriesUITestsLaunchTests.swift */ = {isa = PBXFileReference; lastKnownFileType = sourcecode.swift; path = TrackCaloriesUITestsLaunchTests.swift; sourceTree = "<group>"; };
		B501CB2528ABDB480057DA09 /* AddFoodView.swift */ = {isa = PBXFileReference; lastKnownFileType = sourcecode.swift; path = AddFoodView.swift; sourceTree = "<group>"; };
		B501CB2728ABDB7B0057DA09 /* EditFoodView.swift */ = {isa = PBXFileReference; lastKnownFileType = sourcecode.swift; path = EditFoodView.swift; sourceTree = "<group>"; };
		B501CB2928ABDBB80057DA09 /* TimeFormatting.swift */ = {isa = PBXFileReference; lastKnownFileType = sourcecode.swift; path = TimeFormatting.swift; sourceTree = "<group>"; };
		B501CB2B28ABDC040057DA09 /* DataController.swift */ = {isa = PBXFileReference; lastKnownFileType = sourcecode.swift; path = DataController.swift; sourceTree = "<group>"; };
		B501CB2E28ABDC660057DA09 /* Food.xcdatamodel */ = {isa = PBXFileReference; lastKnownFileType = wrapper.xcdatamodel; path = Food.xcdatamodel; sourceTree = "<group>"; };
		B57AE6782AA36BB900A78E6F /* CoreDataTests.swift */ = {isa = PBXFileReference; lastKnownFileType = sourcecode.swift; path = CoreDataTests.swift; sourceTree = "<group>"; };
		B5CB38C428AD5D9000E2BBDD /* MainView.swift */ = {isa = PBXFileReference; lastKnownFileType = sourcecode.swift; path = MainView.swift; sourceTree = "<group>"; };
		B5CB38C628AD64B800E2BBDD /* History.swift */ = {isa = PBXFileReference; lastKnownFileType = sourcecode.swift; path = History.swift; sourceTree = "<group>"; };
/* End PBXFileReference section */

/* Begin PBXFrameworksBuildPhase section */
		B501CAF528ABDA7F0057DA09 /* Frameworks */ = {
			isa = PBXFrameworksBuildPhase;
			buildActionMask = 2147483647;
			files = (
			);
			runOnlyForDeploymentPostprocessing = 0;
		};
		B501CB0528ABDA800057DA09 /* Frameworks */ = {
			isa = PBXFrameworksBuildPhase;
			buildActionMask = 2147483647;
			files = (
			);
			runOnlyForDeploymentPostprocessing = 0;
		};
		B501CB0F28ABDA800057DA09 /* Frameworks */ = {
			isa = PBXFrameworksBuildPhase;
			buildActionMask = 2147483647;
			files = (
			);
			runOnlyForDeploymentPostprocessing = 0;
		};
/* End PBXFrameworksBuildPhase section */

/* Begin PBXGroup section */
		B501CAEF28ABDA7F0057DA09 = {
			isa = PBXGroup;
			children = (
				B501CAFA28ABDA7F0057DA09 /* TrackCalories */,
				B501CB0B28ABDA800057DA09 /* TrackCaloriesTests */,
				B501CB1528ABDA800057DA09 /* TrackCaloriesUITests */,
				B501CAF928ABDA7F0057DA09 /* Products */,
			);
			sourceTree = "<group>";
		};
		B501CAF928ABDA7F0057DA09 /* Products */ = {
			isa = PBXGroup;
			children = (
				B501CAF828ABDA7F0057DA09 /* TrackCalories.app */,
				B501CB0828ABDA800057DA09 /* TrackCaloriesTests.xctest */,
				B501CB1228ABDA800057DA09 /* TrackCaloriesUITests.xctest */,
			);
			name = Products;
			sourceTree = "<group>";
		};
		B501CAFA28ABDA7F0057DA09 /* TrackCalories */ = {
			isa = PBXGroup;
			children = (
				B50CDA9828B8057D0073FEC8 /* DataModel */,
				B5CB38C128AD583800E2BBDD /* Views */,
				B501CB2928ABDBB80057DA09 /* TimeFormatting.swift */,
				B501CAFB28ABDA7F0057DA09 /* TrackCaloriesApp.swift */,
				B501CAFF28ABDA7F0057DA09 /* Assets.xcassets */,
				B501CB0128ABDA7F0057DA09 /* Preview Content */,
			);
			path = TrackCalories;
			sourceTree = "<group>";
		};
		B501CB0128ABDA7F0057DA09 /* Preview Content */ = {
			isa = PBXGroup;
			children = (
				B501CB0228ABDA7F0057DA09 /* Preview Assets.xcassets */,
			);
			path = "Preview Content";
			sourceTree = "<group>";
		};
		B501CB0B28ABDA800057DA09 /* TrackCaloriesTests */ = {
			isa = PBXGroup;
			children = (
				B501CB0C28ABDA800057DA09 /* TrackCaloriesTests.swift */,
				B57AE6782AA36BB900A78E6F /* CoreDataTests.swift */,
			);
			path = TrackCaloriesTests;
			sourceTree = "<group>";
		};
		B501CB1528ABDA800057DA09 /* TrackCaloriesUITests */ = {
			isa = PBXGroup;
			children = (
				B501CB1628ABDA800057DA09 /* TrackCaloriesUITests.swift */,
				B501CB1828ABDA800057DA09 /* TrackCaloriesUITestsLaunchTests.swift */,
			);
			path = TrackCaloriesUITests;
			sourceTree = "<group>";
		};
		B50CDA9828B8057D0073FEC8 /* DataModel */ = {
			isa = PBXGroup;
			children = (
				B501CB2D28ABDC660057DA09 /* FoodModel.xcdatamodeld */,
				B501CB2B28ABDC040057DA09 /* DataController.swift */,
			);
			path = DataModel;
			sourceTree = "<group>";
		};
		B5CB38C128AD583800E2BBDD /* Views */ = {
			isa = PBXGroup;
			children = (
				B501CAFD28ABDA7F0057DA09 /* ContentView.swift */,
				B501CB2728ABDB7B0057DA09 /* EditFoodView.swift */,
				B501CB2528ABDB480057DA09 /* AddFoodView.swift */,
				B5CB38C428AD5D9000E2BBDD /* MainView.swift */,
				B5CB38C628AD64B800E2BBDD /* History.swift */,
			);
			path = Views;
			sourceTree = "<group>";
		};
/* End PBXGroup section */

/* Begin PBXNativeTarget section */
		B501CAF728ABDA7F0057DA09 /* TrackCalories */ = {
			isa = PBXNativeTarget;
			buildConfigurationList = B501CB1C28ABDA800057DA09 /* Build configuration list for PBXNativeTarget "TrackCalories" */;
			buildPhases = (
				B501CAF428ABDA7F0057DA09 /* Sources */,
				B501CAF528ABDA7F0057DA09 /* Frameworks */,
				B501CAF628ABDA7F0057DA09 /* Resources */,
			);
			buildRules = (
			);
			dependencies = (
			);
			name = TrackCalories;
			productName = TrackCalories;
			productReference = B501CAF828ABDA7F0057DA09 /* TrackCalories.app */;
			productType = "com.apple.product-type.application";
		};
		B501CB0728ABDA800057DA09 /* TrackCaloriesTests */ = {
			isa = PBXNativeTarget;
			buildConfigurationList = B501CB1F28ABDA800057DA09 /* Build configuration list for PBXNativeTarget "TrackCaloriesTests" */;
			buildPhases = (
				B501CB0428ABDA800057DA09 /* Sources */,
				B501CB0528ABDA800057DA09 /* Frameworks */,
				B501CB0628ABDA800057DA09 /* Resources */,
			);
			buildRules = (
			);
			dependencies = (
				B501CB0A28ABDA800057DA09 /* PBXTargetDependency */,
			);
			name = TrackCaloriesTests;
			productName = TrackCaloriesTests;
			productReference = B501CB0828ABDA800057DA09 /* TrackCaloriesTests.xctest */;
			productType = "com.apple.product-type.bundle.unit-test";
		};
		B501CB1128ABDA800057DA09 /* TrackCaloriesUITests */ = {
			isa = PBXNativeTarget;
			buildConfigurationList = B501CB2228ABDA800057DA09 /* Build configuration list for PBXNativeTarget "TrackCaloriesUITests" */;
			buildPhases = (
				B501CB0E28ABDA800057DA09 /* Sources */,
				B501CB0F28ABDA800057DA09 /* Frameworks */,
				B501CB1028ABDA800057DA09 /* Resources */,
			);
			buildRules = (
			);
			dependencies = (
				B501CB1428ABDA800057DA09 /* PBXTargetDependency */,
			);
			name = TrackCaloriesUITests;
			productName = TrackCaloriesUITests;
			productReference = B501CB1228ABDA800057DA09 /* TrackCaloriesUITests.xctest */;
			productType = "com.apple.product-type.bundle.ui-testing";
		};
/* End PBXNativeTarget section */

/* Begin PBXProject section */
		B501CAF028ABDA7F0057DA09 /* Project object */ = {
			isa = PBXProject;
			attributes = {
				BuildIndependentTargetsInParallel = 1;
				LastSwiftUpdateCheck = 1340;
				LastUpgradeCheck = 1340;
				TargetAttributes = {
					B501CAF728ABDA7F0057DA09 = {
						CreatedOnToolsVersion = 13.4.1;
					};
					B501CB0728ABDA800057DA09 = {
						CreatedOnToolsVersion = 13.4.1;
						TestTargetID = B501CAF728ABDA7F0057DA09;
					};
					B501CB1128ABDA800057DA09 = {
						CreatedOnToolsVersion = 13.4.1;
						TestTargetID = B501CAF728ABDA7F0057DA09;
					};
				};
			};
			buildConfigurationList = B501CAF328ABDA7F0057DA09 /* Build configuration list for PBXProject "TrackCalories" */;
			compatibilityVersion = "Xcode 13.0";
			developmentRegion = en;
			hasScannedForEncodings = 0;
			knownRegions = (
				en,
				Base,
			);
			mainGroup = B501CAEF28ABDA7F0057DA09;
			productRefGroup = B501CAF928ABDA7F0057DA09 /* Products */;
			projectDirPath = "";
			projectRoot = "";
			targets = (
				B501CAF728ABDA7F0057DA09 /* TrackCalories */,
				B501CB0728ABDA800057DA09 /* TrackCaloriesTests */,
				B501CB1128ABDA800057DA09 /* TrackCaloriesUITests */,
			);
		};
/* End PBXProject section */

/* Begin PBXResourcesBuildPhase section */
		B501CAF628ABDA7F0057DA09 /* Resources */ = {
			isa = PBXResourcesBuildPhase;
			buildActionMask = 2147483647;
			files = (
				B501CB0328ABDA7F0057DA09 /* Preview Assets.xcassets in Resources */,
				B501CB0028ABDA7F0057DA09 /* Assets.xcassets in Resources */,
			);
			runOnlyForDeploymentPostprocessing = 0;
		};
		B501CB0628ABDA800057DA09 /* Resources */ = {
			isa = PBXResourcesBuildPhase;
			buildActionMask = 2147483647;
			files = (
			);
			runOnlyForDeploymentPostprocessing = 0;
		};
		B501CB1028ABDA800057DA09 /* Resources */ = {
			isa = PBXResourcesBuildPhase;
			buildActionMask = 2147483647;
			files = (
			);
			runOnlyForDeploymentPostprocessing = 0;
		};
/* End PBXResourcesBuildPhase section */

/* Begin PBXSourcesBuildPhase section */
		B501CAF428ABDA7F0057DA09 /* Sources */ = {
			isa = PBXSourcesBuildPhase;
			buildActionMask = 2147483647;
			files = (
				B5CB38C728AD64B800E2BBDD /* History.swift in Sources */,
				B501CB2A28ABDBB80057DA09 /* TimeFormatting.swift in Sources */,
				B5CB38C528AD5D9000E2BBDD /* MainView.swift in Sources */,
				B501CB2F28ABDC660057DA09 /* FoodModel.xcdatamodeld in Sources */,
				B501CB2C28ABDC040057DA09 /* DataController.swift in Sources */,
				B501CAFE28ABDA7F0057DA09 /* ContentView.swift in Sources */,
				B501CAFC28ABDA7F0057DA09 /* TrackCaloriesApp.swift in Sources */,
				B501CB2828ABDB7B0057DA09 /* EditFoodView.swift in Sources */,
				B501CB2628ABDB480057DA09 /* AddFoodView.swift in Sources */,
			);
			runOnlyForDeploymentPostprocessing = 0;
		};
		B501CB0428ABDA800057DA09 /* Sources */ = {
			isa = PBXSourcesBuildPhase;
			buildActionMask = 2147483647;
			files = (
				B57AE6792AA36BB900A78E6F /* CoreDataTests.swift in Sources */,
				B501CB0D28ABDA800057DA09 /* TrackCaloriesTests.swift in Sources */,
			);
			runOnlyForDeploymentPostprocessing = 0;
		};
		B501CB0E28ABDA800057DA09 /* Sources */ = {
			isa = PBXSourcesBuildPhase;
			buildActionMask = 2147483647;
			files = (
				B501CB1928ABDA800057DA09 /* TrackCaloriesUITestsLaunchTests.swift in Sources */,
				B501CB1728ABDA800057DA09 /* TrackCaloriesUITests.swift in Sources */,
			);
			runOnlyForDeploymentPostprocessing = 0;
		};
/* End PBXSourcesBuildPhase section */

/* Begin PBXTargetDependency section */
		B501CB0A28ABDA800057DA09 /* PBXTargetDependency */ = {
			isa = PBXTargetDependency;
			target = B501CAF728ABDA7F0057DA09 /* TrackCalories */;
			targetProxy = B501CB0928ABDA800057DA09 /* PBXContainerItemProxy */;
		};
		B501CB1428ABDA800057DA09 /* PBXTargetDependency */ = {
			isa = PBXTargetDependency;
			target = B501CAF728ABDA7F0057DA09 /* TrackCalories */;
			targetProxy = B501CB1328ABDA800057DA09 /* PBXContainerItemProxy */;
		};
/* End PBXTargetDependency section */

/* Begin XCBuildConfiguration section */
		B501CB1A28ABDA800057DA09 /* Debug */ = {
			isa = XCBuildConfiguration;
			buildSettings = {
				ALWAYS_SEARCH_USER_PATHS = NO;
				CLANG_ANALYZER_NONNULL = YES;
				CLANG_ANALYZER_NUMBER_OBJECT_CONVERSION = YES_AGGRESSIVE;
				CLANG_CXX_LANGUAGE_STANDARD = "gnu++17";
				CLANG_ENABLE_MODULES = YES;
				CLANG_ENABLE_OBJC_ARC = YES;
				CLANG_ENABLE_OBJC_WEAK = YES;
				CLANG_WARN_BLOCK_CAPTURE_AUTORELEASING = YES;
				CLANG_WARN_BOOL_CONVERSION = YES;
				CLANG_WARN_COMMA = YES;
				CLANG_WARN_CONSTANT_CONVERSION = YES;
				CLANG_WARN_DEPRECATED_OBJC_IMPLEMENTATIONS = YES;
				CLANG_WARN_DIRECT_OBJC_ISA_USAGE = YES_ERROR;
				CLANG_WARN_DOCUMENTATION_COMMENTS = YES;
				CLANG_WARN_EMPTY_BODY = YES;
				CLANG_WARN_ENUM_CONVERSION = YES;
				CLANG_WARN_INFINITE_RECURSION = YES;
				CLANG_WARN_INT_CONVERSION = YES;
				CLANG_WARN_NON_LITERAL_NULL_CONVERSION = YES;
				CLANG_WARN_OBJC_IMPLICIT_RETAIN_SELF = YES;
				CLANG_WARN_OBJC_LITERAL_CONVERSION = YES;
				CLANG_WARN_OBJC_ROOT_CLASS = YES_ERROR;
				CLANG_WARN_QUOTED_INCLUDE_IN_FRAMEWORK_HEADER = YES;
				CLANG_WARN_RANGE_LOOP_ANALYSIS = YES;
				CLANG_WARN_STRICT_PROTOTYPES = YES;
				CLANG_WARN_SUSPICIOUS_MOVE = YES;
				CLANG_WARN_UNGUARDED_AVAILABILITY = YES_AGGRESSIVE;
				CLANG_WARN_UNREACHABLE_CODE = YES;
				CLANG_WARN__DUPLICATE_METHOD_MATCH = YES;
				COPY_PHASE_STRIP = NO;
				DEBUG_INFORMATION_FORMAT = dwarf;
				ENABLE_STRICT_OBJC_MSGSEND = YES;
				ENABLE_TESTABILITY = YES;
				GCC_C_LANGUAGE_STANDARD = gnu11;
				GCC_DYNAMIC_NO_PIC = NO;
				GCC_NO_COMMON_BLOCKS = YES;
				GCC_OPTIMIZATION_LEVEL = 0;
				GCC_PREPROCESSOR_DEFINITIONS = (
					"DEBUG=1",
					"$(inherited)",
				);
				GCC_WARN_64_TO_32_BIT_CONVERSION = YES;
				GCC_WARN_ABOUT_RETURN_TYPE = YES_ERROR;
				GCC_WARN_UNDECLARED_SELECTOR = YES;
				GCC_WARN_UNINITIALIZED_AUTOS = YES_AGGRESSIVE;
				GCC_WARN_UNUSED_FUNCTION = YES;
				GCC_WARN_UNUSED_VARIABLE = YES;
				IPHONEOS_DEPLOYMENT_TARGET = 15.5;
				MTL_ENABLE_DEBUG_INFO = INCLUDE_SOURCE;
				MTL_FAST_MATH = YES;
				ONLY_ACTIVE_ARCH = YES;
				SDKROOT = iphoneos;
				SWIFT_ACTIVE_COMPILATION_CONDITIONS = DEBUG;
				SWIFT_OPTIMIZATION_LEVEL = "-Onone";
			};
			name = Debug;
		};
		B501CB1B28ABDA800057DA09 /* Release */ = {
			isa = XCBuildConfiguration;
			buildSettings = {
				ALWAYS_SEARCH_USER_PATHS = NO;
				CLANG_ANALYZER_NONNULL = YES;
				CLANG_ANALYZER_NUMBER_OBJECT_CONVERSION = YES_AGGRESSIVE;
				CLANG_CXX_LANGUAGE_STANDARD = "gnu++17";
				CLANG_ENABLE_MODULES = YES;
				CLANG_ENABLE_OBJC_ARC = YES;
				CLANG_ENABLE_OBJC_WEAK = YES;
				CLANG_WARN_BLOCK_CAPTURE_AUTORELEASING = YES;
				CLANG_WARN_BOOL_CONVERSION = YES;
				CLANG_WARN_COMMA = YES;
				CLANG_WARN_CONSTANT_CONVERSION = YES;
				CLANG_WARN_DEPRECATED_OBJC_IMPLEMENTATIONS = YES;
				CLANG_WARN_DIRECT_OBJC_ISA_USAGE = YES_ERROR;
				CLANG_WARN_DOCUMENTATION_COMMENTS = YES;
				CLANG_WARN_EMPTY_BODY = YES;
				CLANG_WARN_ENUM_CONVERSION = YES;
				CLANG_WARN_INFINITE_RECURSION = YES;
				CLANG_WARN_INT_CONVERSION = YES;
				CLANG_WARN_NON_LITERAL_NULL_CONVERSION = YES;
				CLANG_WARN_OBJC_IMPLICIT_RETAIN_SELF = YES;
				CLANG_WARN_OBJC_LITERAL_CONVERSION = YES;
				CLANG_WARN_OBJC_ROOT_CLASS = YES_ERROR;
				CLANG_WARN_QUOTED_INCLUDE_IN_FRAMEWORK_HEADER = YES;
				CLANG_WARN_RANGE_LOOP_ANALYSIS = YES;
				CLANG_WARN_STRICT_PROTOTYPES = YES;
				CLANG_WARN_SUSPICIOUS_MOVE = YES;
				CLANG_WARN_UNGUARDED_AVAILABILITY = YES_AGGRESSIVE;
				CLANG_WARN_UNREACHABLE_CODE = YES;
				CLANG_WARN__DUPLICATE_METHOD_MATCH = YES;
				COPY_PHASE_STRIP = NO;
				DEBUG_INFORMATION_FORMAT = "dwarf-with-dsym";
				ENABLE_NS_ASSERTIONS = NO;
				ENABLE_STRICT_OBJC_MSGSEND = YES;
				GCC_C_LANGUAGE_STANDARD = gnu11;
				GCC_NO_COMMON_BLOCKS = YES;
				GCC_WARN_64_TO_32_BIT_CONVERSION = YES;
				GCC_WARN_ABOUT_RETURN_TYPE = YES_ERROR;
				GCC_WARN_UNDECLARED_SELECTOR = YES;
				GCC_WARN_UNINITIALIZED_AUTOS = YES_AGGRESSIVE;
				GCC_WARN_UNUSED_FUNCTION = YES;
				GCC_WARN_UNUSED_VARIABLE = YES;
				IPHONEOS_DEPLOYMENT_TARGET = 15.5;
				MTL_ENABLE_DEBUG_INFO = NO;
				MTL_FAST_MATH = YES;
				SDKROOT = iphoneos;
				SWIFT_COMPILATION_MODE = wholemodule;
				SWIFT_OPTIMIZATION_LEVEL = "-O";
				VALIDATE_PRODUCT = YES;
			};
			name = Release;
		};
		B501CB1D28ABDA800057DA09 /* Debug */ = {
			isa = XCBuildConfiguration;
			buildSettings = {
				ASSETCATALOG_COMPILER_APPICON_NAME = AppIcon;
				ASSETCATALOG_COMPILER_GLOBAL_ACCENT_COLOR_NAME = AccentColor;
				CODE_SIGN_STYLE = Automatic;
				CURRENT_PROJECT_VERSION = 1;
				DEVELOPMENT_ASSET_PATHS = "\"TrackCalories/Preview Content\"";
				DEVELOPMENT_TEAM = JQALJW795H;
				ENABLE_PREVIEWS = YES;
				GENERATE_INFOPLIST_FILE = YES;
				INFOPLIST_KEY_UIApplicationSceneManifest_Generation = YES;
				INFOPLIST_KEY_UIApplicationSupportsIndirectInputEvents = YES;
				INFOPLIST_KEY_UILaunchScreen_Generation = YES;
				INFOPLIST_KEY_UISupportedInterfaceOrientations_iPad = "UIInterfaceOrientationPortrait UIInterfaceOrientationPortraitUpsideDown UIInterfaceOrientationLandscapeLeft UIInterfaceOrientationLandscapeRight";
				INFOPLIST_KEY_UISupportedInterfaceOrientations_iPhone = "UIInterfaceOrientationPortrait UIInterfaceOrientationLandscapeLeft UIInterfaceOrientationLandscapeRight";
				LD_RUNPATH_SEARCH_PATHS = (
					"$(inherited)",
					"@executable_path/Frameworks",
				);
				MARKETING_VERSION = 1.2;
				PRODUCT_BUNDLE_IDENTIFIER = RDL.TrackCalories;
				PRODUCT_NAME = "$(TARGET_NAME)";
				SWIFT_EMIT_LOC_STRINGS = YES;
				SWIFT_VERSION = 5.0;
				TARGETED_DEVICE_FAMILY = "1,2";
			};
			name = Debug;
		};
		B501CB1E28ABDA800057DA09 /* Release */ = {
			isa = XCBuildConfiguration;
			buildSettings = {
				ASSETCATALOG_COMPILER_APPICON_NAME = AppIcon;
				ASSETCATALOG_COMPILER_GLOBAL_ACCENT_COLOR_NAME = AccentColor;
				CODE_SIGN_STYLE = Automatic;
				CURRENT_PROJECT_VERSION = 1;
				DEVELOPMENT_ASSET_PATHS = "\"TrackCalories/Preview Content\"";
				DEVELOPMENT_TEAM = JQALJW795H;
				ENABLE_PREVIEWS = YES;
				GENERATE_INFOPLIST_FILE = YES;
				INFOPLIST_KEY_UIApplicationSceneManifest_Generation = YES;
				INFOPLIST_KEY_UIApplicationSupportsIndirectInputEvents = YES;
				INFOPLIST_KEY_UILaunchScreen_Generation = YES;
				INFOPLIST_KEY_UISupportedInterfaceOrientations_iPad = "UIInterfaceOrientationPortrait UIInterfaceOrientationPortraitUpsideDown UIInterfaceOrientationLandscapeLeft UIInterfaceOrientationLandscapeRight";
				INFOPLIST_KEY_UISupportedInterfaceOrientations_iPhone = "UIInterfaceOrientationPortrait UIInterfaceOrientationLandscapeLeft UIInterfaceOrientationLandscapeRight";
				LD_RUNPATH_SEARCH_PATHS = (
					"$(inherited)",
					"@executable_path/Frameworks",
				);
				MARKETING_VERSION = 1.2;
				PRODUCT_BUNDLE_IDENTIFIER = RDL.TrackCalories;
				PRODUCT_NAME = "$(TARGET_NAME)";
				SWIFT_EMIT_LOC_STRINGS = YES;
				SWIFT_VERSION = 5.0;
				TARGETED_DEVICE_FAMILY = "1,2";
			};
			name = Release;
		};
		B501CB2028ABDA800057DA09 /* Debug */ = {
			isa = XCBuildConfiguration;
			buildSettings = {
				ALWAYS_EMBED_SWIFT_STANDARD_LIBRARIES = YES;
				BUNDLE_LOADER = "$(TEST_HOST)";
				CODE_SIGN_STYLE = Automatic;
				CURRENT_PROJECT_VERSION = 1;
				DEVELOPMENT_TEAM = JQALJW795H;
				GENERATE_INFOPLIST_FILE = YES;
				IPHONEOS_DEPLOYMENT_TARGET = 15.5;
				MARKETING_VERSION = 1.0;
				PRODUCT_BUNDLE_IDENTIFIER = RDL.TrackCaloriesTests;
				PRODUCT_NAME = "$(TARGET_NAME)";
				SWIFT_EMIT_LOC_STRINGS = NO;
				SWIFT_VERSION = 5.0;
				TARGETED_DEVICE_FAMILY = "1,2";
				TEST_HOST = "$(BUILT_PRODUCTS_DIR)/TrackCalories.app/TrackCalories";
			};
			name = Debug;
		};
		B501CB2128ABDA800057DA09 /* Release */ = {
			isa = XCBuildConfiguration;
			buildSettings = {
				ALWAYS_EMBED_SWIFT_STANDARD_LIBRARIES = YES;
				BUNDLE_LOADER = "$(TEST_HOST)";
				CODE_SIGN_STYLE = Automatic;
				CURRENT_PROJECT_VERSION = 1;
				DEVELOPMENT_TEAM = JQALJW795H;
				GENERATE_INFOPLIST_FILE = YES;
				IPHONEOS_DEPLOYMENT_TARGET = 15.5;
				MARKETING_VERSION = 1.0;
				PRODUCT_BUNDLE_IDENTIFIER = RDL.TrackCaloriesTests;
				PRODUCT_NAME = "$(TARGET_NAME)";
				SWIFT_EMIT_LOC_STRINGS = NO;
				SWIFT_VERSION = 5.0;
				TARGETED_DEVICE_FAMILY = "1,2";
				TEST_HOST = "$(BUILT_PRODUCTS_DIR)/TrackCalories.app/TrackCalories";
			};
			name = Release;
		};
		B501CB2328ABDA800057DA09 /* Debug */ = {
			isa = XCBuildConfiguration;
			buildSettings = {
				ALWAYS_EMBED_SWIFT_STANDARD_LIBRARIES = YES;
				CODE_SIGN_STYLE = Automatic;
				CURRENT_PROJECT_VERSION = 1;
				DEVELOPMENT_TEAM = JQALJW795H;
				GENERATE_INFOPLIST_FILE = YES;
				MARKETING_VERSION = 1.0;
				PRODUCT_BUNDLE_IDENTIFIER = RDL.TrackCaloriesUITests;
				PRODUCT_NAME = "$(TARGET_NAME)";
				SWIFT_EMIT_LOC_STRINGS = NO;
				SWIFT_VERSION = 5.0;
				TARGETED_DEVICE_FAMILY = "1,2";
				TEST_TARGET_NAME = TrackCalories;
			};
			name = Debug;
		};
		B501CB2428ABDA800057DA09 /* Release */ = {
			isa = XCBuildConfiguration;
			buildSettings = {
				ALWAYS_EMBED_SWIFT_STANDARD_LIBRARIES = YES;
				CODE_SIGN_STYLE = Automatic;
				CURRENT_PROJECT_VERSION = 1;
				DEVELOPMENT_TEAM = JQALJW795H;
				GENERATE_INFOPLIST_FILE = YES;
				MARKETING_VERSION = 1.0;
				PRODUCT_BUNDLE_IDENTIFIER = RDL.TrackCaloriesUITests;
				PRODUCT_NAME = "$(TARGET_NAME)";
				SWIFT_EMIT_LOC_STRINGS = NO;
				SWIFT_VERSION = 5.0;
				TARGETED_DEVICE_FAMILY = "1,2";
				TEST_TARGET_NAME = TrackCalories;
			};
			name = Release;
		};
/* End XCBuildConfiguration section */

/* Begin XCConfigurationList section */
		B501CAF328ABDA7F0057DA09 /* Build configuration list for PBXProject "TrackCalories" */ = {
			isa = XCConfigurationList;
			buildConfigurations = (
				B501CB1A28ABDA800057DA09 /* Debug */,
				B501CB1B28ABDA800057DA09 /* Release */,
			);
			defaultConfigurationIsVisible = 0;
			defaultConfigurationName = Release;
		};
		B501CB1C28ABDA800057DA09 /* Build configuration list for PBXNativeTarget "TrackCalories" */ = {
			isa = XCConfigurationList;
			buildConfigurations = (
				B501CB1D28ABDA800057DA09 /* Debug */,
				B501CB1E28ABDA800057DA09 /* Release */,
			);
			defaultConfigurationIsVisible = 0;
			defaultConfigurationName = Release;
		};
		B501CB1F28ABDA800057DA09 /* Build configuration list for PBXNativeTarget "TrackCaloriesTests" */ = {
			isa = XCConfigurationList;
			buildConfigurations = (
				B501CB2028ABDA800057DA09 /* Debug */,
				B501CB2128ABDA800057DA09 /* Release */,
			);
			defaultConfigurationIsVisible = 0;
			defaultConfigurationName = Release;
		};
		B501CB2228ABDA800057DA09 /* Build configuration list for PBXNativeTarget "TrackCaloriesUITests" */ = {
			isa = XCConfigurationList;
			buildConfigurations = (
				B501CB2328ABDA800057DA09 /* Debug */,
				B501CB2428ABDA800057DA09 /* Release */,
			);
			defaultConfigurationIsVisible = 0;
			defaultConfigurationName = Release;
		};
/* End XCConfigurationList section */

/* Begin XCVersionGroup section */
		B501CB2D28ABDC660057DA09 /* FoodModel.xcdatamodeld */ = {
			isa = XCVersionGroup;
			children = (
				B501CB2E28ABDC660057DA09 /* Food.xcdatamodel */,
			);
			currentVersion = B501CB2E28ABDC660057DA09 /* Food.xcdatamodel */;
			path = FoodModel.xcdatamodeld;
			sourceTree = "<group>";
			versionGroupType = wrapper.xcdatamodel;
		};
/* End XCVersionGroup section */
	};
	rootObject = B501CAF028ABDA7F0057DA09 /* Project object */;
}
